
Microsoft Visual Studio Solution File, Format Version 12.00
# Visual Studio Version 16
VisualStudioVersion = 16.0.31005.135
MinimumVisualStudioVersion = 10.0.40219.1
Project("{FAE04EC0-301F-11D3-BF4B-00C04F79EFBC}") = "TrafficSignaling", "TrafficSignaling.csproj", "{B64D694C-3F94-4DFA-9EB5-6A3A3D6B46D5}"
EndProject
Global
	GlobalSection(SolutionConfigurationPlatforms) = preSolution
		Debug|Any CPU = Debug|Any CPU
		Release|Any CPU = Release|Any CPU
	EndGlobalSection
	GlobalSection(ProjectConfigurationPlatforms) = postSolution
		{B64D694C-3F94-4DFA-9EB5-6A3A3D6B46D5}.Debug|Any CPU.ActiveCfg = Debug|Any CPU
		{B64D694C-3F94-4DFA-9EB5-6A3A3D6B46D5}.Debug|Any CPU.Build.0 = Debug|Any CPU
		{B64D694C-3F94-4DFA-9EB5-6A3A3D6B46D5}.Release|Any CPU.ActiveCfg = Release|Any CPU
		{B64D694C-3F94-4DFA-9EB5-6A3A3D6B46D5}.Release|Any CPU.Build.0 = Release|Any CPU
	EndGlobalSection
	GlobalSection(SolutionProperties) = preSolution
		HideSolutionNode = FALSE
	EndGlobalSection
	GlobalSection(ExtensibilityGlobals) = postSolution
		SolutionGuid = {47D28251-5208-42EA-AF4C-F1C4295130A3}
	EndGlobalSection
EndGlobal
